
Microsoft Visual Studio Solution File, Format Version 12.00
# Visual Studio Version 17
VisualStudioVersion = 17.5.33516.290
MinimumVisualStudioVersion = 10.0.40219.1
Project("{8BC9CEB8-8B4A-11D0-8D11-00A0C91BC942}") = "Lb3AutoSrv10333", "Lb3AutoSrv10333\Lb3AutoSrv10333.vcxproj", "{802B703B-E4CA-47E5-AAFA-4D616E85ADB4}"
EndProject
Project("{8BC9CEB8-8B4A-11D0-8D11-00A0C91BC942}") = "Lb3AutoSrv10333PS", "Lb3AutoSrv10333PS\Lb3AutoSrv10333PS.vcxproj", "{947513A2-B395-4D63-832D-8526FC22FF71}"
	ProjectSection(ProjectDependencies) = postProject
		{802B703B-E4CA-47E5-AAFA-4D616E85ADB4} = {802B703B-E4CA-47E5-AAFA-4D616E85ADB4}
	EndProjectSection
EndProject
Project("{F184B08F-C81C-45F6-A57F-5ABD9991F28F}") = "ClientVB", "ClientVB\ClientVB.vbproj", "{FA020079-064B-4F4D-9188-304B82193EDC}"
EndProject
Project("{FAE04EC0-301F-11D3-BF4B-00C04F79EFBC}") = "ClientSh", "ClientSh\ClientSh.csproj", "{294F92E7-F7A2-4E84-B806-200E8B7B3FCB}"
EndProject
Project("{8BC9CEB8-8B4A-11D0-8D11-00A0C91BC942}") = "ClientCpp", "ClientCpp\ClientCpp.vcxproj", "{57CC1FAD-D244-440F-B3AD-936DC02A8FEC}"
EndProject
Global
	GlobalSection(SolutionConfigurationPlatforms) = preSolution
		Debug|Any CPU = Debug|Any CPU
		Debug|x64 = Debug|x64
		Debug|x86 = Debug|x86
		Release|Any CPU = Release|Any CPU
		Release|x64 = Release|x64
		Release|x86 = Release|x86
	EndGlobalSection
	GlobalSection(ProjectConfigurationPlatforms) = postSolution
		{802B703B-E4CA-47E5-AAFA-4D616E85ADB4}.Debug|Any CPU.ActiveCfg = Debug|x64
		{802B703B-E4CA-47E5-AAFA-4D616E85ADB4}.Debug|Any CPU.Build.0 = Debug|x64
		{802B703B-E4CA-47E5-AAFA-4D616E85ADB4}.Debug|x64.ActiveCfg = Debug|x64
		{802B703B-E4CA-47E5-AAFA-4D616E85ADB4}.Debug|x64.Build.0 = Debug|x64
		{802B703B-E4CA-47E5-AAFA-4D616E85ADB4}.Debug|x86.ActiveCfg = Debug|Win32
		{802B703B-E4CA-47E5-AAFA-4D616E85ADB4}.Debug|x86.Build.0 = Debug|Win32
		{802B703B-E4CA-47E5-AAFA-4D616E85ADB4}.Release|Any CPU.ActiveCfg = Release|x64
		{802B703B-E4CA-47E5-AAFA-4D616E85ADB4}.Release|Any CPU.Build.0 = Release|x64
		{802B703B-E4CA-47E5-AAFA-4D616E85ADB4}.Release|x64.ActiveCfg = Release|x64
		{802B703B-E4CA-47E5-AAFA-4D616E85ADB4}.Release|x64.Build.0 = Release|x64
		{802B703B-E4CA-47E5-AAFA-4D616E85ADB4}.Release|x86.ActiveCfg = Release|Win32
		{802B703B-E4CA-47E5-AAFA-4D616E85ADB4}.Release|x86.Build.0 = Release|Win32
		{947513A2-B395-4D63-832D-8526FC22FF71}.Debug|Any CPU.ActiveCfg = Debug|x64
		{947513A2-B395-4D63-832D-8526FC22FF71}.Debug|Any CPU.Build.0 = Debug|x64
		{947513A2-B395-4D63-832D-8526FC22FF71}.Debug|x64.ActiveCfg = Debug|x64
		{947513A2-B395-4D63-832D-8526FC22FF71}.Debug|x86.ActiveCfg = Debug|Win32
		{947513A2-B395-4D63-832D-8526FC22FF71}.Release|Any CPU.ActiveCfg = Release|x64
		{947513A2-B395-4D63-832D-8526FC22FF71}.Release|Any CPU.Build.0 = Release|x64
		{947513A2-B395-4D63-832D-8526FC22FF71}.Release|x64.ActiveCfg = Release|x64
		{947513A2-B395-4D63-832D-8526FC22FF71}.Release|x86.ActiveCfg = Release|Win32
		{FA020079-064B-4F4D-9188-304B82193EDC}.Debug|Any CPU.ActiveCfg = Debug|Any CPU
		{FA020079-064B-4F4D-9188-304B82193EDC}.Debug|Any CPU.Build.0 = Debug|Any CPU
		{FA020079-064B-4F4D-9188-304B82193EDC}.Debug|x64.ActiveCfg = Debug|Any CPU
		{FA020079-064B-4F4D-9188-304B82193EDC}.Debug|x64.Build.0 = Debug|Any CPU
		{FA020079-064B-4F4D-9188-304B82193EDC}.Debug|x86.ActiveCfg = Debug|Any CPU
		{FA020079-064B-4F4D-9188-304B82193EDC}.Debug|x86.Build.0 = Debug|Any CPU
		{FA020079-064B-4F4D-9188-304B82193EDC}.Release|Any CPU.ActiveCfg = Release|Any CPU
		{FA020079-064B-4F4D-9188-304B82193EDC}.Release|Any CPU.Build.0 = Release|Any CPU
		{FA020079-064B-4F4D-9188-304B82193EDC}.Release|x64.ActiveCfg = Release|Any CPU
		{FA020079-064B-4F4D-9188-304B82193EDC}.Release|x64.Build.0 = Release|Any CPU
		{FA020079-064B-4F4D-9188-304B82193EDC}.Release|x86.ActiveCfg = Release|Any CPU
		{FA020079-064B-4F4D-9188-304B82193EDC}.Release|x86.Build.0 = Release|Any CPU
		{294F92E7-F7A2-4E84-B806-200E8B7B3FCB}.Debug|Any CPU.ActiveCfg = Debug|Any CPU
		{294F92E7-F7A2-4E84-B806-200E8B7B3FCB}.Debug|Any CPU.Build.0 = Debug|Any CPU
		{294F92E7-F7A2-4E84-B806-200E8B7B3FCB}.Debug|x64.ActiveCfg = Debug|Any CPU
		{294F92E7-F7A2-4E84-B806-200E8B7B3FCB}.Debug|x64.Build.0 = Debug|Any CPU
		{294F92E7-F7A2-4E84-B806-200E8B7B3FCB}.Debug|x86.ActiveCfg = Debug|Any CPU
		{294F92E7-F7A2-4E84-B806-200E8B7B3FCB}.Debug|x86.Build.0 = Debug|Any CPU
		{294F92E7-F7A2-4E84-B806-200E8B7B3FCB}.Release|Any CPU.ActiveCfg = Release|Any CPU
		{294F92E7-F7A2-4E84-B806-200E8B7B3FCB}.Release|Any CPU.Build.0 = Release|Any CPU
		{294F92E7-F7A2-4E84-B806-200E8B7B3FCB}.Release|x64.ActiveCfg = Release|Any CPU
		{294F92E7-F7A2-4E84-B806-200E8B7B3FCB}.Release|x64.Build.0 = Release|Any CPU
		{294F92E7-F7A2-4E84-B806-200E8B7B3FCB}.Release|x86.ActiveCfg = Release|Any CPU
		{294F92E7-F7A2-4E84-B806-200E8B7B3FCB}.Release|x86.Build.0 = Release|Any CPU
		{57CC1FAD-D244-440F-B3AD-936DC02A8FEC}.Debug|Any CPU.ActiveCfg = Debug|x64
		{57CC1FAD-D244-440F-B3AD-936DC02A8FEC}.Debug|Any CPU.Build.0 = Debug|x64
		{57CC1FAD-D244-440F-B3AD-936DC02A8FEC}.Debug|x64.ActiveCfg = Debug|x64
		{57CC1FAD-D244-440F-B3AD-936DC02A8FEC}.Debug|x64.Build.0 = Debug|x64
		{57CC1FAD-D244-440F-B3AD-936DC02A8FEC}.Debug|x86.ActiveCfg = Debug|Win32
		{57CC1FAD-D244-440F-B3AD-936DC02A8FEC}.Debug|x86.Build.0 = Debug|Win32
		{57CC1FAD-D244-440F-B3AD-936DC02A8FEC}.Release|Any CPU.ActiveCfg = Release|x64
		{57CC1FAD-D244-440F-B3AD-936DC02A8FEC}.Release|Any CPU.Build.0 = Release|x64
		{57CC1FAD-D244-440F-B3AD-936DC02A8FEC}.Release|x64.ActiveCfg = Release|x64
		{57CC1FAD-D244-440F-B3AD-936DC02A8FEC}.Release|x64.Build.0 = Release|x64
		{57CC1FAD-D244-440F-B3AD-936DC02A8FEC}.Release|x86.ActiveCfg = Release|Win32
		{57CC1FAD-D244-440F-B3AD-936DC02A8FEC}.Release|x86.Build.0 = Release|Win32
	EndGlobalSection
	GlobalSection(SolutionProperties) = preSolution
		HideSolutionNode = FALSE
	EndGlobalSection
	GlobalSection(ExtensibilityGlobals) = postSolution
		SolutionGuid = {3F610944-B510-4D51-8AF9-89BCF2C07631}
	EndGlobalSection
EndGlobal
